
Microsoft Visual Studio Solution File, Format Version 12.00
# Visual Studio Version 17
VisualStudioVersion = 17.9.34902.65
MinimumVisualStudioVersion = 10.0.40219.1
Project("{FAE04EC0-301F-11D3-BF4B-00C04F79EFBC}") = "TestProject", "TestProject.csproj", "{FE5D4414-05CE-4351-AF52-7E560341814C}"
EndProject
Global
	GlobalSection(SolutionConfigurationPlatforms) = preSolution
		Debug|Any CPU = Debug|Any CPU
		Release|Any CPU = Release|Any CPU
	EndGlobalSection
	GlobalSection(ProjectConfigurationPlatforms) = postSolution
		{FE5D4414-05CE-4351-AF52-7E560341814C}.Debug|Any CPU.ActiveCfg = Debug|Any CPU
		{FE5D4414-05CE-4351-AF52-7E560341814C}.Debug|Any CPU.Build.0 = Debug|Any CPU
		{FE5D4414-05CE-4351-AF52-7E560341814C}.Release|Any CPU.ActiveCfg = Release|Any CPU
		{FE5D4414-05CE-4351-AF52-7E560341814C}.Release|Any CPU.Build.0 = Release|Any CPU
	EndGlobalSection
	GlobalSection(SolutionProperties) = preSolution
		HideSolutionNode = FALSE
	EndGlobalSection
	GlobalSection(ExtensibilityGlobals) = postSolution
		SolutionGuid = {A7308E36-5B11-4DE7-AD9A-569B64F2AF0A}
	EndGlobalSection
EndGlobal
